
Microsoft Visual Studio Solution File, Format Version 12.00
# Visual Studio Version 17
VisualStudioVersion = 17.7.34031.279
MinimumVisualStudioVersion = 10.0.40219.1
Project("{FAE04EC0-301F-11D3-BF4B-00C04F79EFBC}") = "Строительная Компания", "Строительная Компания\Строительная Компания.csproj", "{30AE0090-E178-4E10-AE84-3F31AAA3D274}"
EndProject
Global
	GlobalSection(SolutionConfigurationPlatforms) = preSolution
		Debug|Any CPU = Debug|Any CPU
		Release|Any CPU = Release|Any CPU
	EndGlobalSection
	GlobalSection(ProjectConfigurationPlatforms) = postSolution
		{30AE0090-E178-4E10-AE84-3F31AAA3D274}.Debug|Any CPU.ActiveCfg = Debug|Any CPU
		{30AE0090-E178-4E10-AE84-3F31AAA3D274}.Debug|Any CPU.Build.0 = Debug|Any CPU
		{30AE0090-E178-4E10-AE84-3F31AAA3D274}.Release|Any CPU.ActiveCfg = Release|Any CPU
		{30AE0090-E178-4E10-AE84-3F31AAA3D274}.Release|Any CPU.Build.0 = Release|Any CPU
	EndGlobalSection
	GlobalSection(SolutionProperties) = preSolution
		HideSolutionNode = FALSE
	EndGlobalSection
	GlobalSection(ExtensibilityGlobals) = postSolution
		SolutionGuid = {F67716CC-6CD7-48A1-B053-00DE32BC4D6D}
	EndGlobalSection
EndGlobal
